// !$*UTF8*$!
{
	archiveVersion = 1;
	classes = {
	};
	objectVersion = 46;
	objects = {

/* Begin PBXBuildFile section */
		973358471B55A66F00D4F0E2 /* main.m in Sources */ = {isa = PBXBuildFile; fileRef = 973358461B55A66F00D4F0E2 /* main.m */; };
		9733584A1B55A66F00D4F0E2 /* AppDelegate.m in Sources */ = {isa = PBXBuildFile; fileRef = 973358491B55A66F00D4F0E2 /* AppDelegate.m */; };
		9733584D1B55A66F00D4F0E2 /* ViewController.m in Sources */ = {isa = PBXBuildFile; fileRef = 9733584C1B55A66F00D4F0E2 /* ViewController.m */; };
		973358501B55A66F00D4F0E2 /* Main.storyboard in Resources */ = {isa = PBXBuildFile; fileRef = 9733584E1B55A66F00D4F0E2 /* Main.storyboard */; };
		973358521B55A66F00D4F0E2 /* Images.xcassets in Resources */ = {isa = PBXBuildFile; fileRef = 973358511B55A66F00D4F0E2 /* Images.xcassets */; };
		973358551B55A66F00D4F0E2 /* LaunchScreen.xib in Resources */ = {isa = PBXBuildFile; fileRef = 973358531B55A66F00D4F0E2 /* LaunchScreen.xib */; };
		973358611B55A66F00D4F0E2 /* ScrollView_Image_GalleryTests.m in Sources */ = {isa = PBXBuildFile; fileRef = 973358601B55A66F00D4F0E2 /* ScrollView_Image_GalleryTests.m */; };
		9733586C1B55C38000D4F0E2 /* ImageDetailViewController.m in Sources */ = {isa = PBXBuildFile; fileRef = 9733586B1B55C38000D4F0E2 /* ImageDetailViewController.m */; };
/* End PBXBuildFile section */

/* Begin PBXContainerItemProxy section */
		9733585B1B55A66F00D4F0E2 /* PBXContainerItemProxy */ = {
			isa = PBXContainerItemProxy;
			containerPortal = 973358391B55A66F00D4F0E2 /* Project object */;
			proxyType = 1;
			remoteGlobalIDString = 973358401B55A66F00D4F0E2;
			remoteInfo = "ScrollView Image Gallery";
		};
/* End PBXContainerItemProxy section */

/* Begin PBXFileReference section */
		973358411B55A66F00D4F0E2 /* ScrollView Image Gallery.app */ = {isa = PBXFileReference; explicitFileType = wrapper.application; includeInIndex = 0; path = "ScrollView Image Gallery.app"; sourceTree = BUILT_PRODUCTS_DIR; };
		973358451B55A66F00D4F0E2 /* Info.plist */ = {isa = PBXFileReference; lastKnownFileType = text.plist.xml; path = Info.plist; sourceTree = "<group>"; };
		973358461B55A66F00D4F0E2 /* main.m */ = {isa = PBXFileReference; lastKnownFileType = sourcecode.c.objc; path = main.m; sourceTree = "<group>"; };
		973358481B55A66F00D4F0E2 /* AppDelegate.h */ = {isa = PBXFileReference; lastKnownFileType = sourcecode.c.h; path = AppDelegate.h; sourceTree = "<group>"; };
		973358491B55A66F00D4F0E2 /* AppDelegate.m */ = {isa = PBXFileReference; lastKnownFileType = sourcecode.c.objc; path = AppDelegate.m; sourceTree = "<group>"; };
		9733584B1B55A66F00D4F0E2 /* ViewController.h */ = {isa = PBXFileReference; lastKnownFileType = sourcecode.c.h; path = ViewController.h; sourceTree = "<group>"; };
		9733584C1B55A66F00D4F0E2 /* ViewController.m */ = {isa = PBXFileReference; lastKnownFileType = sourcecode.c.objc; path = ViewController.m; sourceTree = "<group>"; };
		9733584F1B55A66F00D4F0E2 /* Base */ = {isa = PBXFileReference; lastKnownFileType = file.storyboard; name = Base; path = Base.lproj/Main.storyboard; sourceTree = "<group>"; };
		973358511B55A66F00D4F0E2 /* Images.xcassets */ = {isa = PBXFileReference; lastKnownFileType = folder.assetcatalog; path = Images.xcassets; sourceTree = "<group>"; };
		973358541B55A66F00D4F0E2 /* Base */ = {isa = PBXFileReference; lastKnownFileType = file.xib; name = Base; path = Base.lproj/LaunchScreen.xib; sourceTree = "<group>"; };
		9733585A1B55A66F00D4F0E2 /* ScrollView Image GalleryTests.xctest */ = {isa = PBXFileReference; explicitFileType = wrapper.cfbundle; includeInIndex = 0; path = "ScrollView Image GalleryTests.xctest"; sourceTree = BUILT_PRODUCTS_DIR; };
		9733585F1B55A66F00D4F0E2 /* Info.plist */ = {isa = PBXFileReference; lastKnownFileType = text.plist.xml; path = Info.plist; sourceTree = "<group>"; };
		973358601B55A66F00D4F0E2 /* ScrollView_Image_GalleryTests.m */ = {isa = PBXFileReference; lastKnownFileType = sourcecode.c.objc; path = ScrollView_Image_GalleryTests.m; sourceTree = "<group>"; };
		9733586A1B55C38000D4F0E2 /* ImageDetailViewController.h */ = {isa = PBXFileReference; fileEncoding = 4; lastKnownFileType = sourcecode.c.h; path = ImageDetailViewController.h; sourceTree = "<group>"; };
		9733586B1B55C38000D4F0E2 /* ImageDetailViewController.m */ = {isa = PBXFileReference; fileEncoding = 4; lastKnownFileType = sourcecode.c.objc; path = ImageDetailViewController.m; sourceTree = "<group>"; };
/* End PBXFileReference section */

/* Begin PBXFrameworksBuildPhase section */
		9733583E1B55A66F00D4F0E2 /* Frameworks */ = {
			isa = PBXFrameworksBuildPhase;
			buildActionMask = 2147483647;
			files = (
			);
			runOnlyForDeploymentPostprocessing = 0;
		};
		973358571B55A66F00D4F0E2 /* Frameworks */ = {
			isa = PBXFrameworksBuildPhase;
			buildActionMask = 2147483647;
			files = (
			);
			runOnlyForDeploymentPostprocessing = 0;
		};
/* End PBXFrameworksBuildPhase section */

/* Begin PBXGroup section */
		973358381B55A66F00D4F0E2 = {
			isa = PBXGroup;
			children = (
				973358431B55A66F00D4F0E2 /* ScrollView Image Gallery */,
				9733585D1B55A66F00D4F0E2 /* ScrollView Image GalleryTests */,
				973358421B55A66F00D4F0E2 /* Products */,
			);
			sourceTree = "<group>";
		};
		973358421B55A66F00D4F0E2 /* Products */ = {
			isa = PBXGroup;
			children = (
				973358411B55A66F00D4F0E2 /* ScrollView Image Gallery.app */,
				9733585A1B55A66F00D4F0E2 /* ScrollView Image GalleryTests.xctest */,
			);
			name = Products;
			sourceTree = "<group>";
		};
		973358431B55A66F00D4F0E2 /* ScrollView Image Gallery */ = {
			isa = PBXGroup;
			children = (
				973358481B55A66F00D4F0E2 /* AppDelegate.h */,
				973358491B55A66F00D4F0E2 /* AppDelegate.m */,
				9733586A1B55C38000D4F0E2 /* ImageDetailViewController.h */,
				9733586B1B55C38000D4F0E2 /* ImageDetailViewController.m */,
				9733584B1B55A66F00D4F0E2 /* ViewController.h */,
				9733584C1B55A66F00D4F0E2 /* ViewController.m */,
				9733584E1B55A66F00D4F0E2 /* Main.storyboard */,
				973358511B55A66F00D4F0E2 /* Images.xcassets */,
				973358531B55A66F00D4F0E2 /* LaunchScreen.xib */,
				973358441B55A66F00D4F0E2 /* Supporting Files */,
			);
			path = "ScrollView Image Gallery";
			sourceTree = "<group>";
		};
		973358441B55A66F00D4F0E2 /* Supporting Files */ = {
			isa = PBXGroup;
			children = (
				973358451B55A66F00D4F0E2 /* Info.plist */,
				973358461B55A66F00D4F0E2 /* main.m */,
			);
			name = "Supporting Files";
			sourceTree = "<group>";
		};
		9733585D1B55A66F00D4F0E2 /* ScrollView Image GalleryTests */ = {
			isa = PBXGroup;
			children = (
				973358601B55A66F00D4F0E2 /* ScrollView_Image_GalleryTests.m */,
				9733585E1B55A66F00D4F0E2 /* Supporting Files */,
			);
			path = "ScrollView Image GalleryTests";
			sourceTree = "<group>";
		};
		9733585E1B55A66F00D4F0E2 /* Supporting Files */ = {
			isa = PBXGroup;
			children = (
				9733585F1B55A66F00D4F0E2 /* Info.plist */,
			);
			name = "Supporting Files";
			sourceTree = "<group>";
		};
/* End PBXGroup section */

/* Begin PBXNativeTarget section */
		973358401B55A66F00D4F0E2 /* ScrollView Image Gallery */ = {
			isa = PBXNativeTarget;
			buildConfigurationList = 973358641B55A66F00D4F0E2 /* Build configuration list for PBXNativeTarget "ScrollView Image Gallery" */;
			buildPhases = (
				9733583D1B55A66F00D4F0E2 /* Sources */,
				9733583E1B55A66F00D4F0E2 /* Frameworks */,
				9733583F1B55A66F00D4F0E2 /* Resources */,
			);
			buildRules = (
			);
			dependencies = (
			);
			name = "ScrollView Image Gallery";
			productName = "ScrollView Image Gallery";
			productReference = 973358411B55A66F00D4F0E2 /* ScrollView Image Gallery.app */;
			productType = "com.apple.product-type.application";
		};
		973358591B55A66F00D4F0E2 /* ScrollView Image GalleryTests */ = {
			isa = PBXNativeTarget;
			buildConfigurationList = 973358671B55A66F00D4F0E2 /* Build configuration list for PBXNativeTarget "ScrollView Image GalleryTests" */;
			buildPhases = (
				973358561B55A66F00D4F0E2 /* Sources */,
				973358571B55A66F00D4F0E2 /* Frameworks */,
				973358581B55A66F00D4F0E2 /* Resources */,
			);
			buildRules = (
			);
			dependencies = (
				9733585C1B55A66F00D4F0E2 /* PBXTargetDependency */,
			);
			name = "ScrollView Image GalleryTests";
			productName = "ScrollView Image GalleryTests";
			productReference = 9733585A1B55A66F00D4F0E2 /* ScrollView Image GalleryTests.xctest */;
			productType = "com.apple.product-type.bundle.unit-test";
		};
/* End PBXNativeTarget section */

/* Begin PBXProject section */
		973358391B55A66F00D4F0E2 /* Project object */ = {
			isa = PBXProject;
			attributes = {
				LastUpgradeCheck = 0640;
				ORGANIZATIONNAME = "Cody Zazulak";
				TargetAttributes = {
					973358401B55A66F00D4F0E2 = {
						CreatedOnToolsVersion = 6.4;
					};
					973358591B55A66F00D4F0E2 = {
						CreatedOnToolsVersion = 6.4;
						TestTargetID = 973358401B55A66F00D4F0E2;
					};
				};
			};
			buildConfigurationList = 9733583C1B55A66F00D4F0E2 /* Build configuration list for PBXProject "ScrollView Image Gallery" */;
			compatibilityVersion = "Xcode 3.2";
			developmentRegion = English;
			hasScannedForEncodings = 0;
			knownRegions = (
				en,
				Base,
			);
			mainGroup = 973358381B55A66F00D4F0E2;
			productRefGroup = 973358421B55A66F00D4F0E2 /* Products */;
			projectDirPath = "";
			projectRoot = "";
			targets = (
				973358401B55A66F00D4F0E2 /* ScrollView Image Gallery */,
				973358591B55A66F00D4F0E2 /* ScrollView Image GalleryTests */,
			);
		};
/* End PBXProject section */

/* Begin PBXResourcesBuildPhase section */
		9733583F1B55A66F00D4F0E2 /* Resources */ = {
			isa = PBXResourcesBuildPhase;
			buildActionMask = 2147483647;
			files = (
				973358501B55A66F00D4F0E2 /* Main.storyboard in Resources */,
				973358551B55A66F00D4F0E2 /* LaunchScreen.xib in Resources */,
				973358521B55A66F00D4F0E2 /* Images.xcassets in Resources */,
			);
			runOnlyForDeploymentPostprocessing = 0;
		};
		973358581B55A66F00D4F0E2 /* Resources */ = {
			isa = PBXResourcesBuildPhase;
			buildActionMask = 2147483647;
			files = (
			);
			runOnlyForDeploymentPostprocessing = 0;
		};
/* End PBXResourcesBuildPhase section */

/* Begin PBXSourcesBuildPhase section */
		9733583D1B55A66F00D4F0E2 /* Sources */ = {
			isa = PBXSourcesBuildPhase;
			buildActionMask = 2147483647;
			files = (
				9733584D1B55A66F00D4F0E2 /* ViewController.m in Sources */,
				9733584A1B55A66F00D4F0E2 /* AppDelegate.m in Sources */,
				973358471B55A66F00D4F0E2 /* main.m in Sources */,
				9733586C1B55C38000D4F0E2 /* ImageDetailViewController.m in Sources */,
			);
			runOnlyForDeploymentPostprocessing = 0;
		};
		973358561B55A66F00D4F0E2 /* Sources */ = {
			isa = PBXSourcesBuildPhase;
			buildActionMask = 2147483647;
			files = (
				973358611B55A66F00D4F0E2 /* ScrollView_Image_GalleryTests.m in Sources */,
			);
			runOnlyForDeploymentPostprocessing = 0;
		};
/* End PBXSourcesBuildPhase section */

/* Begin PBXTargetDependency section */
		9733585C1B55A66F00D4F0E2 /* PBXTargetDependency */ = {
			isa = PBXTargetDependency;
			target = 973358401B55A66F00D4F0E2 /* ScrollView Image Gallery */;
			targetProxy = 9733585B1B55A66F00D4F0E2 /* PBXContainerItemProxy */;
		};
/* End PBXTargetDependency section */

/* Begin PBXVariantGroup section */
		9733584E1B55A66F00D4F0E2 /* Main.storyboard */ = {
			isa = PBXVariantGroup;
			children = (
				9733584F1B55A66F00D4F0E2 /* Base */,
			);
			name = Main.storyboard;
			sourceTree = "<group>";
		};
		973358531B55A66F00D4F0E2 /* LaunchScreen.xib */ = {
			isa = PBXVariantGroup;
			children = (
				973358541B55A66F00D4F0E2 /* Base */,
			);
			name = LaunchScreen.xib;
			sourceTree = "<group>";
		};
/* End PBXVariantGroup section */

/* Begin XCBuildConfiguration section */
		973358621B55A66F00D4F0E2 /* Debug */ = {
			isa = XCBuildConfiguration;
			buildSettings = {
				ALWAYS_SEARCH_USER_PATHS = NO;
				CLANG_CXX_LANGUAGE_STANDARD = "gnu++0x";
				CLANG_CXX_LIBRARY = "libc++";
				CLANG_ENABLE_MODULES = YES;
				CLANG_ENABLE_OBJC_ARC = YES;
				CLANG_WARN_BOOL_CONVERSION = YES;
				CLANG_WARN_CONSTANT_CONVERSION = YES;
				CLANG_WARN_DIRECT_OBJC_ISA_USAGE = YES_ERROR;
				CLANG_WARN_EMPTY_BODY = YES;
				CLANG_WARN_ENUM_CONVERSION = YES;
				CLANG_WARN_INT_CONVERSION = YES;
				CLANG_WARN_OBJC_ROOT_CLASS = YES_ERROR;
				CLANG_WARN_UNREACHABLE_CODE = YES;
				CLANG_WARN__DUPLICATE_METHOD_MATCH = YES;
				"CODE_SIGN_IDENTITY[sdk=iphoneos*]" = "iPhone Developer";
				COPY_PHASE_STRIP = NO;
				DEBUG_INFORMATION_FORMAT = "dwarf-with-dsym";
				ENABLE_STRICT_OBJC_MSGSEND = YES;
				GCC_C_LANGUAGE_STANDARD = gnu99;
				GCC_DYNAMIC_NO_PIC = NO;
				GCC_NO_COMMON_BLOCKS = YES;
				GCC_OPTIMIZATION_LEVEL = 0;
				GCC_PREPROCESSOR_DEFINITIONS = (
					"DEBUG=1",
					"$(inherited)",
				);
				GCC_SYMBOLS_PRIVATE_EXTERN = NO;
				GCC_WARN_64_TO_32_BIT_CONVERSION = YES;
				GCC_WARN_ABOUT_RETURN_TYPE = YES_ERROR;
				GCC_WARN_UNDECLARED_SELECTOR = YES;
				GCC_WARN_UNINITIALIZED_AUTOS = YES_AGGRESSIVE;
				GCC_WARN_UNUSED_FUNCTION = YES;
				GCC_WARN_UNUSED_VARIABLE = YES;
				IPHONEOS_DEPLOYMENT_TARGET = 8.4;
				MTL_ENABLE_DEBUG_INFO = YES;
				ONLY_ACTIVE_ARCH = YES;
				SDKROOT = iphoneos;
			};
			name = Debug;
		};
		973358631B55A66F00D4F0E2 /* Release */ = {
			isa = XCBuildConfiguration;
			buildSettings = {
				ALWAYS_SEARCH_USER_PATHS = NO;
				CLANG_CXX_LANGUAGE_STANDARD = "gnu++0x";
				CLANG_CXX_LIBRARY = "libc++";
				CLANG_ENABLE_MODULES = YES;
				CLANG_ENABLE_OBJC_ARC = YES;
				CLANG_WARN_BOOL_CONVERSION = YES;
				CLANG_WARN_CONSTANT_CONVERSION = YES;
				CLANG_WARN_DIRECT_OBJC_ISA_USAGE = YES_ERROR;
				CLANG_WARN_EMPTY_BODY = YES;
				CLANG_WARN_ENUM_CONVERSION = YES;
				CLANG_WARN_INT_CONVERSION = YES;
				CLANG_WARN_OBJC_ROOT_CLASS = YES_ERROR;
				CLANG_WARN_UNREACHABLE_CODE = YES;
				CLANG_WARN__DUPLICATE_METHOD_MATCH = YES;
				"CODE_SIGN_IDENTITY[sdk=iphoneos*]" = "iPhone Developer";
				COPY_PHASE_STRIP = NO;
				DEBUG_INFORMATION_FORMAT = "dwarf-with-dsym";
				ENABLE_NS_ASSERTIONS = NO;
				ENABLE_STRICT_OBJC_MSGSEND = YES;
				GCC_C_LANGUAGE_STANDARD = gnu99;
				GCC_NO_COMMON_BLOCKS = YES;
				GCC_WARN_64_TO_32_BIT_CONVERSION = YES;
				GCC_WARN_ABOUT_RETURN_TYPE = YES_ERROR;
				GCC_WARN_UNDECLARED_SELECTOR = YES;
				GCC_WARN_UNINITIALIZED_AUTOS = YES_AGGRESSIVE;
				GCC_WARN_UNUSED_FUNCTION = YES;
				GCC_WARN_UNUSED_VARIABLE = YES;
				IPHONEOS_DEPLOYMENT_TARGET = 8.4;
				MTL_ENABLE_DEBUG_INFO = NO;
				SDKROOT = iphoneos;
				VALIDATE_PRODUCT = YES;
			};
			name = Release;
		};
		973358651B55A66F00D4F0E2 /* Debug */ = {
			isa = XCBuildConfiguration;
			buildSettings = {
				ASSETCATALOG_COMPILER_APPICON_NAME = AppIcon;
				INFOPLIST_FILE = "ScrollView Image Gallery/Info.plist";
				IPHONEOS_DEPLOYMENT_TARGET = 8.0;
				LD_RUNPATH_SEARCH_PATHS = "$(inherited) @executable_path/Frameworks";
				PRODUCT_NAME = "$(TARGET_NAME)";
			};
			name = Debug;
		};
		973358661B55A66F00D4F0E2 /* Release */ = {
			isa = XCBuildConfiguration;
			buildSettings = {
				ASSETCATALOG_COMPILER_APPICON_NAME = AppIcon;
				INFOPLIST_FILE = "ScrollView Image Gallery/Info.plist";
				IPHONEOS_DEPLOYMENT_TARGET = 8.0;
				LD_RUNPATH_SEARCH_PATHS = "$(inherited) @executable_path/Frameworks";
				PRODUCT_NAME = "$(TARGET_NAME)";
			};
			name = Release;
		};
		973358681B55A66F00D4F0E2 /* Debug */ = {
			isa = XCBuildConfiguration;
			buildSettings = {
				BUNDLE_LOADER = "$(TEST_HOST)";
				FRAMEWORK_SEARCH_PATHS = (
					"$(SDKROOT)/Developer/Library/Frameworks",
					"$(inherited)",
				);
				GCC_PREPROCESSOR_DEFINITIONS = (
					"DEBUG=1",
					"$(inherited)",
				);
				INFOPLIST_FILE = "ScrollView Image GalleryTests/Info.plist";
				LD_RUNPATH_SEARCH_PATHS = "$(inherited) @executable_path/Frameworks @loader_path/Frameworks";
				PRODUCT_NAME = "$(TARGET_NAME)";
				TEST_HOST = "$(BUILT_PRODUCTS_DIR)/ScrollView Image Gallery.app/ScrollView Image Gallery";
			};
			name = Debug;
		};
		973358691B55A66F00D4F0E2 /* Release */ = {
			isa = XCBuildConfiguration;
			buildSettings = {
				BUNDLE_LOADER = "$(TEST_HOST)";
				FRAMEWORK_SEARCH_PATHS = (
					"$(SDKROOT)/Developer/Library/Frameworks",
					"$(inherited)",
				);
				INFOPLIST_FILE = "ScrollView Image GalleryTests/Info.plist";
				LD_RUNPATH_SEARCH_PATHS = "$(inherited) @executable_path/Frameworks @loader_path/Frameworks";
				PRODUCT_NAME = "$(TARGET_NAME)";
				TEST_HOST = "$(BUILT_PRODUCTS_DIR)/ScrollView Image Gallery.app/ScrollView Image Gallery";
			};
			name = Release;
		};
/* End XCBuildConfiguration section */

/* Begin XCConfigurationList section */
		9733583C1B55A66F00D4F0E2 /* Build configuration list for PBXProject "ScrollView Image Gallery" */ = {
			isa = XCConfigurationList;
			buildConfigurations = (
				973358621B55A66F00D4F0E2 /* Debug */,
				973358631B55A66F00D4F0E2 /* Release */,
			);
			defaultConfigurationIsVisible = 0;
			defaultConfigurationName = Release;
		};
		973358641B55A66F00D4F0E2 /* Build configuration list for PBXNativeTarget "ScrollView Image Gallery" */ = {
			isa = XCConfigurationList;
			buildConfigurations = (
				973358651B55A66F00D4F0E2 /* Debug */,
				973358661B55A66F00D4F0E2 /* Release */,
			);
			defaultConfigurationIsVisible = 0;
		};
		973358671B55A66F00D4F0E2 /* Build configuration list for PBXNativeTarget "ScrollView Image GalleryTests" */ = {
			isa = XCConfigurationList;
			buildConfigurations = (
				973358681B55A66F00D4F0E2 /* Debug */,
				973358691B55A66F00D4F0E2 /* Release */,
			);
			defaultConfigurationIsVisible = 0;
		};
/* End XCConfigurationList section */
	};
	rootObject = 973358391B55A66F00D4F0E2 /* Project object */;
}
